
Microsoft Visual Studio Solution File, Format Version 12.00
# Visual Studio Version 17
VisualStudioVersion = 17.6.33801.468
MinimumVisualStudioVersion = 10.0.40219.1
Project("{FAE04EC0-301F-11D3-BF4B-00C04F79EFBC}") = "DumbbertRework", "DumbbertRework\DumbbertRework.csproj", "{AE5C432F-BCB2-4AB4-B2BC-E4BD93867A01}"
EndProject
Global
	GlobalSection(SolutionConfigurationPlatforms) = preSolution
		Debug|Any CPU = Debug|Any CPU
		Release|Any CPU = Release|Any CPU
	EndGlobalSection
	GlobalSection(ProjectConfigurationPlatforms) = postSolution
		{AE5C432F-BCB2-4AB4-B2BC-E4BD93867A01}.Debug|Any CPU.ActiveCfg = Debug|Any CPU
		{AE5C432F-BCB2-4AB4-B2BC-E4BD93867A01}.Debug|Any CPU.Build.0 = Debug|Any CPU
		{AE5C432F-BCB2-4AB4-B2BC-E4BD93867A01}.Release|Any CPU.ActiveCfg = Release|Any CPU
		{AE5C432F-BCB2-4AB4-B2BC-E4BD93867A01}.Release|Any CPU.Build.0 = Release|Any CPU
	EndGlobalSection
	GlobalSection(SolutionProperties) = preSolution
		HideSolutionNode = FALSE
	EndGlobalSection
	GlobalSection(ExtensibilityGlobals) = postSolution
		SolutionGuid = {E6E9F2EF-DB4C-4C2D-8043-709535B6130A}
	EndGlobalSection
EndGlobal
